
Microsoft Visual Studio Solution File, Format Version 12.00
# Visual Studio Version 16
VisualStudioVersion = 16.0.29209.62
MinimumVisualStudioVersion = 10.0.40219.1
Project("{FAE04EC0-301F-11D3-BF4B-00C04F79EFBC}") = "VSTP.Video2Audio", "VSTP.Video2Audio.csproj", "{FCBB1B15-4EB1-465C-A3C3-13214359B5AE}"
EndProject
Global
	GlobalSection(SolutionConfigurationPlatforms) = preSolution
		Debug|Any CPU = Debug|Any CPU
		Release|Any CPU = Release|Any CPU
	EndGlobalSection
	GlobalSection(ProjectConfigurationPlatforms) = postSolution
		{FCBB1B15-4EB1-465C-A3C3-13214359B5AE}.Debug|Any CPU.ActiveCfg = Debug|Any CPU
		{FCBB1B15-4EB1-465C-A3C3-13214359B5AE}.Debug|Any CPU.Build.0 = Debug|Any CPU
		{FCBB1B15-4EB1-465C-A3C3-13214359B5AE}.Release|Any CPU.ActiveCfg = Release|Any CPU
		{FCBB1B15-4EB1-465C-A3C3-13214359B5AE}.Release|Any CPU.Build.0 = Release|Any CPU
	EndGlobalSection
	GlobalSection(SolutionProperties) = preSolution
		HideSolutionNode = FALSE
	EndGlobalSection
	GlobalSection(ExtensibilityGlobals) = postSolution
		SolutionGuid = {2FD2F342-BB60-4C53-A92B-0790269E915D}
	EndGlobalSection
EndGlobal
